
Microsoft Visual Studio Solution File, Format Version 12.00
# Visual Studio 15
VisualStudioVersion = 15.0.28307.852
MinimumVisualStudioVersion = 10.0.40219.1
Project("{FAE04EC0-301F-11D3-BF4B-00C04F79EFBC}") = "DemirbaşTakip", "DemirbaşTakip\DemirbaşTakip.csproj", "{EAEE2E22-FDA7-4D19-96CD-4A87C5920B55}"
EndProject
Project("{FAE04EC0-301F-11D3-BF4B-00C04F79EFBC}") = "VarlıkKatmanı", "VarlıkKatmanı\VarlıkKatmanı.csproj", "{F8EADDC6-C521-4D5D-99CF-93D1F9724A91}"
EndProject
Project("{FAE04EC0-301F-11D3-BF4B-00C04F79EFBC}") = "VeriTabanıErisimKatmanı", "VeriTabanıErisimKatmanı\VeriTabanıErisimKatmanı.csproj", "{FB759195-8C35-46A3-9DB2-F6AED97CEDA4}"
EndProject
Project("{FAE04EC0-301F-11D3-BF4B-00C04F79EFBC}") = "IsKatmanı", "IsKatmanı\IsKatmanı.csproj", "{859990C9-6A09-45B3-8937-FCA4934C8B93}"
EndProject
Global
	GlobalSection(SolutionConfigurationPlatforms) = preSolution
		Debug|Any CPU = Debug|Any CPU
		Release|Any CPU = Release|Any CPU
	EndGlobalSection
	GlobalSection(ProjectConfigurationPlatforms) = postSolution
		{EAEE2E22-FDA7-4D19-96CD-4A87C5920B55}.Debug|Any CPU.ActiveCfg = Debug|Any CPU
		{EAEE2E22-FDA7-4D19-96CD-4A87C5920B55}.Debug|Any CPU.Build.0 = Debug|Any CPU
		{EAEE2E22-FDA7-4D19-96CD-4A87C5920B55}.Release|Any CPU.ActiveCfg = Release|Any CPU
		{EAEE2E22-FDA7-4D19-96CD-4A87C5920B55}.Release|Any CPU.Build.0 = Release|Any CPU
		{F8EADDC6-C521-4D5D-99CF-93D1F9724A91}.Debug|Any CPU.ActiveCfg = Debug|Any CPU
		{F8EADDC6-C521-4D5D-99CF-93D1F9724A91}.Debug|Any CPU.Build.0 = Debug|Any CPU
		{F8EADDC6-C521-4D5D-99CF-93D1F9724A91}.Release|Any CPU.ActiveCfg = Release|Any CPU
		{F8EADDC6-C521-4D5D-99CF-93D1F9724A91}.Release|Any CPU.Build.0 = Release|Any CPU
		{FB759195-8C35-46A3-9DB2-F6AED97CEDA4}.Debug|Any CPU.ActiveCfg = Debug|Any CPU
		{FB759195-8C35-46A3-9DB2-F6AED97CEDA4}.Debug|Any CPU.Build.0 = Debug|Any CPU
		{FB759195-8C35-46A3-9DB2-F6AED97CEDA4}.Release|Any CPU.ActiveCfg = Release|Any CPU
		{FB759195-8C35-46A3-9DB2-F6AED97CEDA4}.Release|Any CPU.Build.0 = Release|Any CPU
		{859990C9-6A09-45B3-8937-FCA4934C8B93}.Debug|Any CPU.ActiveCfg = Debug|Any CPU
		{859990C9-6A09-45B3-8937-FCA4934C8B93}.Debug|Any CPU.Build.0 = Debug|Any CPU
		{859990C9-6A09-45B3-8937-FCA4934C8B93}.Release|Any CPU.ActiveCfg = Release|Any CPU
		{859990C9-6A09-45B3-8937-FCA4934C8B93}.Release|Any CPU.Build.0 = Release|Any CPU
	EndGlobalSection
	GlobalSection(SolutionProperties) = preSolution
		HideSolutionNode = FALSE
	EndGlobalSection
	GlobalSection(ExtensibilityGlobals) = postSolution
		SolutionGuid = {1247D7A1-B0CF-40CC-9964-F289B3EC30B1}
	EndGlobalSection
EndGlobal
